
Microsoft Visual Studio Solution File, Format Version 12.00
# Visual Studio Version 17
VisualStudioVersion = 17.11.35327.3
MinimumVisualStudioVersion = 10.0.40219.1
Project("{FAE04EC0-301F-11D3-BF4B-00C04F79EFBC}") = "PayYourBills", "PayYourBills.csproj", "{835C3ECE-0766-4CB8-AAE8-12D63570C85A}"
EndProject
Global
	GlobalSection(SolutionConfigurationPlatforms) = preSolution
		Debug|Any CPU = Debug|Any CPU
		Release|Any CPU = Release|Any CPU
	EndGlobalSection
	GlobalSection(ProjectConfigurationPlatforms) = postSolution
		{835C3ECE-0766-4CB8-AAE8-12D63570C85A}.Debug|Any CPU.ActiveCfg = Debug|Any CPU
		{835C3ECE-0766-4CB8-AAE8-12D63570C85A}.Debug|Any CPU.Build.0 = Debug|Any CPU
		{835C3ECE-0766-4CB8-AAE8-12D63570C85A}.Release|Any CPU.ActiveCfg = Release|Any CPU
		{835C3ECE-0766-4CB8-AAE8-12D63570C85A}.Release|Any CPU.Build.0 = Release|Any CPU
	EndGlobalSection
	GlobalSection(SolutionProperties) = preSolution
		HideSolutionNode = FALSE
	EndGlobalSection
	GlobalSection(ExtensibilityGlobals) = postSolution
		SolutionGuid = {672859A5-8758-49D1-9A50-299930E68CD3}
	EndGlobalSection
EndGlobal
